<?xml version="1.0" encoding="utf-8"?>
<Project ToolsVersion="4.0" xmlns="http://schemas.microsoft.com/developer/msbuild/2003">
  <ItemGroup>
    <ClCompile Include="cGameObject.cpp" />
    <ClCompile Include="cCamera.cpp" />
    <ClCompile Include="MouseParams.cpp" />
    <ClCompile Include="cDebugMenu.cpp" />
    <ClCompile Include="Physics.cpp" />
    <ClCompile Include="cWorldUI.cpp" />
    <ClCompile Include="WorldUIParams.cpp" />
  </ItemGroup>
  <ItemGroup>
    <ClInclude Include="cGameObject.h" />
    <ClInclude Include="cCamera.h" />
    <ClInclude Include="eCameraType.h" />
    <ClInclude Include="MouseParams.h" />
    <ClInclude Include="sTransform.h" />
    <ClInclude Include="cDebugMenu.h" />
    <ClInclude Include="sCollisionTriangle.h" />
    <ClInclude Include="Physics.h" />
    <ClInclude Include="sRigidBody.h" />
    <ClInclude Include="cGameObjectController.h" />
    <ClInclude Include="cWorldUI.h" />
    <ClInclude Include="WorldUIParams.h" />
  </ItemGroup>
</Project>