
Microsoft Visual Studio Solution File, Format Version 12.00
# Visual Studio Version 16
VisualStudioVersion = 16.0.34729.46
MinimumVisualStudioVersion = 10.0.40219.1
Project("{2150E333-8FDC-42A3-9474-1A3956D46DE8}") = "Game", "Game", "{92C21309-1E57-4965-A8EC-C4BE868DA1B6}"
EndProject
Project("{8BC9CEB8-8B4A-11D0-8D11-00A0C91BC942}") = "Game", "Src\Game\MyGame\MyGame.vcxproj", "{FA0FB4E2-DCCE-484C-9206-653823C8F8DA}"
	ProjectSection(ProjectDependencies) = postProject
		{F76B6020-4CA3-4714-B194-B9DB09C90112} = {F76B6020-4CA3-4714-B194-B9DB09C90112}
		{86E46A3C-608F-4DB3-B77B-B70A57B6A2E8} = {86E46A3C-608F-4DB3-B77B-B70A57B6A2E8}
		{C073AA3C-C800-4495-9F92-C622FF2EA5E1} = {C073AA3C-C800-4495-9F92-C622FF2EA5E1}
		{821E505C-B13B-4EA2-8FA3-DDEE6D2D5B1D} = {821E505C-B13B-4EA2-8FA3-DDEE6D2D5B1D}
		{4B42D65D-7433-48EC-AAB3-903EAD82CC2F} = {4B42D65D-7433-48EC-AAB3-903EAD82CC2F}
	EndProjectSection
EndProject
Project("{2150E333-8FDC-42A3-9474-1A3956D46DE8}") = "Engine", "Engine", "{4A442E18-2366-468E-ABC3-35DFA10ED6AF}"
EndProject
Project("{8BC9CEB8-8B4A-11D0-8D11-00A0C91BC942}") = "Asserts", "Src\Engine\Asserts\Asserts.vcxproj", "{43657592-EB97-4A5E-A727-A9D4D9EC8E4D}"
EndProject
Project("{8BC9CEB8-8B4A-11D0-8D11-00A0C91BC942}") = "Windows", "Src\Engine\Windows\Windows.vcxproj", "{D56A49FB-C803-4D7E-A037-7BFEF69CB329}"
	ProjectSection(ProjectDependencies) = postProject
		{43657592-EB97-4A5E-A727-A9D4D9EC8E4D} = {43657592-EB97-4A5E-A727-A9D4D9EC8E4D}
	EndProjectSection
EndProject
Project("{8BC9CEB8-8B4A-11D0-8D11-00A0C91BC942}") = "Platform", "Src\Engine\Platform\Platform.vcxproj", "{48792CEB-F23F-4184-BB44-29A206D8CD05}"
	ProjectSection(ProjectDependencies) = postProject
		{D56A49FB-C803-4D7E-A037-7BFEF69CB329} = {D56A49FB-C803-4D7E-A037-7BFEF69CB329}
	EndProjectSection
EndProject
Project("{8BC9CEB8-8B4A-11D0-8D11-00A0C91BC942}") = "Application", "Src\Engine\Application\Application.vcxproj", "{C073AA3C-C800-4495-9F92-C622FF2EA5E1}"
	ProjectSection(ProjectDependencies) = postProject
		{A5095433-A0C7-4205-AD5B-82A5C09DE805} = {A5095433-A0C7-4205-AD5B-82A5C09DE805}
		{5E640B5D-294A-4795-BE3F-58076BD28B7B} = {5E640B5D-294A-4795-BE3F-58076BD28B7B}
		{4B42D65D-7433-48EC-AAB3-903EAD82CC2F} = {4B42D65D-7433-48EC-AAB3-903EAD82CC2F}
		{43657592-EB97-4A5E-A727-A9D4D9EC8E4D} = {43657592-EB97-4A5E-A727-A9D4D9EC8E4D}
		{F9C71CA5-AE92-4EF9-A46F-35E3B662F6BC} = {F9C71CA5-AE92-4EF9-A46F-35E3B662F6BC}
		{73516EE2-C331-4AD4-AF38-A51397C94E06} = {73516EE2-C331-4AD4-AF38-A51397C94E06}
		{D56A49FB-C803-4D7E-A037-7BFEF69CB329} = {D56A49FB-C803-4D7E-A037-7BFEF69CB329}
	EndProjectSection
EndProject
Project("{8BC9CEB8-8B4A-11D0-8D11-00A0C91BC942}") = "Logging", "Src\Engine\Logging\Logging.vcxproj", "{5E640B5D-294A-4795-BE3F-58076BD28B7B}"
	ProjectSection(ProjectDependencies) = postProject
		{43657592-EB97-4A5E-A727-A9D4D9EC8E4D} = {43657592-EB97-4A5E-A727-A9D4D9EC8E4D}
	EndProjectSection
EndProject
Project("{8BC9CEB8-8B4A-11D0-8D11-00A0C91BC942}") = "UserOutput", "Src\Engine\UserOutput\UserOutput.vcxproj", "{A5095433-A0C7-4205-AD5B-82A5C09DE805}"
	ProjectSection(ProjectDependencies) = postProject
		{43657592-EB97-4A5E-A727-A9D4D9EC8E4D} = {43657592-EB97-4A5E-A727-A9D4D9EC8E4D}
	EndProjectSection
EndProject
Project("{8BC9CEB8-8B4A-11D0-8D11-00A0C91BC942}") = "UserSettings", "Src\Engine\UserSettings\UserSettings.vcxproj", "{73516EE2-C331-4AD4-AF38-A51397C94E06}"
	ProjectSection(ProjectDependencies) = postProject
		{AD5FF729-F2C5-4197-9CAF-17B6312BB369} = {AD5FF729-F2C5-4197-9CAF-17B6312BB369}
		{48792CEB-F23F-4184-BB44-29A206D8CD05} = {48792CEB-F23F-4184-BB44-29A206D8CD05}
	EndProjectSection
EndProject
Project("{2150E333-8FDC-42A3-9474-1A3956D46DE8}") = "Tools", "Tools", "{2158CF78-B9A0-4AA8-9501-CA7ED75D0673}"
EndProject
Project("{8BC9CEB8-8B4A-11D0-8D11-00A0C91BC942}") = "AssetBuildSystem", "Src\Tools\AssetBuildSystem\AssetBuildSystem.vcxproj", "{12CA8666-2127-476E-B536-CB51F8BB6FCE}"
	ProjectSection(ProjectDependencies) = postProject
		{AD5FF729-F2C5-4197-9CAF-17B6312BB369} = {AD5FF729-F2C5-4197-9CAF-17B6312BB369}
		{4B42D65D-7433-48EC-AAB3-903EAD82CC2F} = {4B42D65D-7433-48EC-AAB3-903EAD82CC2F}
		{40789A6F-3BFC-454D-B73D-9C5DEBB37D24} = {40789A6F-3BFC-454D-B73D-9C5DEBB37D24}
		{48792CEB-F23F-4184-BB44-29A206D8CD05} = {48792CEB-F23F-4184-BB44-29A206D8CD05}
	EndProjectSection
EndProject
Project("{8BC9CEB8-8B4A-11D0-8D11-00A0C91BC942}") = "AssetBuildLibrary", "Src\Tools\AssetBuildLibrary\AssetBuildLibrary.vcxproj", "{40789A6F-3BFC-454D-B73D-9C5DEBB37D24}"
EndProject
Project("{8BC9CEB8-8B4A-11D0-8D11-00A0C91BC942}") = "BuildAllAssets", "Src\Game\BuildAllAssets\BuildAllAssets.vcxproj", "{86E46A3C-608F-4DB3-B77B-B70A57B6A2E8}"
	ProjectSection(ProjectDependencies) = postProject
		{12CA8666-2127-476E-B536-CB51F8BB6FCE} = {12CA8666-2127-476E-B536-CB51F8BB6FCE}
		{9314206B-96F9-46EC-AB30-26604D4FD3AC} = {9314206B-96F9-46EC-AB30-26604D4FD3AC}
		{2094FC8D-449C-4BEC-8137-ACFD937DA10E} = {2094FC8D-449C-4BEC-8137-ACFD937DA10E}
		{966961C6-75BA-473B-87D0-7158EDA4A2CA} = {966961C6-75BA-473B-87D0-7158EDA4A2CA}
		{876AC0EB-D6C6-48EC-A6EF-CB99E94FC7FB} = {876AC0EB-D6C6-48EC-A6EF-CB99E94FC7FB}
	EndProjectSection
EndProject
Project("{2150E333-8FDC-42A3-9474-1A3956D46DE8}") = "External", "External", "{EE8DBE7D-1C1F-4B50-80BA-B01501A3BF1A}"
EndProject
Project("{8BC9CEB8-8B4A-11D0-8D11-00A0C91BC942}") = "OGLExtensions", "Src\External\OGLExtensions\OGLExtensions.vcxproj", "{821E505C-B13B-4EA2-8FA3-DDEE6D2D5B1D}"
	ProjectSection(ProjectDependencies) = postProject
		{43657592-EB97-4A5E-A727-A9D4D9EC8E4D} = {43657592-EB97-4A5E-A727-A9D4D9EC8E4D}
		{D56A49FB-C803-4D7E-A037-7BFEF69CB329} = {D56A49FB-C803-4D7E-A037-7BFEF69CB329}
	EndProjectSection
EndProject
Project("{8BC9CEB8-8B4A-11D0-8D11-00A0C91BC942}") = "Time", "Src\Engine\Time\Time.vcxproj", "{F9C71CA5-AE92-4EF9-A46F-35E3B662F6BC}"
	ProjectSection(ProjectDependencies) = postProject
		{5E640B5D-294A-4795-BE3F-58076BD28B7B} = {5E640B5D-294A-4795-BE3F-58076BD28B7B}
		{43657592-EB97-4A5E-A727-A9D4D9EC8E4D} = {43657592-EB97-4A5E-A727-A9D4D9EC8E4D}
		{D56A49FB-C803-4D7E-A037-7BFEF69CB329} = {D56A49FB-C803-4D7E-A037-7BFEF69CB329}
	EndProjectSection
EndProject
Project("{8BC9CEB8-8B4A-11D0-8D11-00A0C91BC942}") = "Graphics", "Src\Engine\Graphics\Graphics.vcxproj", "{4B42D65D-7433-48EC-AAB3-903EAD82CC2F}"
	ProjectSection(ProjectDependencies) = postProject
		{821E505C-B13B-4EA2-8FA3-DDEE6D2D5B1D} = {821E505C-B13B-4EA2-8FA3-DDEE6D2D5B1D}
		{48792CEB-F23F-4184-BB44-29A206D8CD05} = {48792CEB-F23F-4184-BB44-29A206D8CD05}
		{D56A49FB-C803-4D7E-A037-7BFEF69CB329} = {D56A49FB-C803-4D7E-A037-7BFEF69CB329}
	EndProjectSection
EndProject
Project("{8BC9CEB8-8B4A-11D0-8D11-00A0C91BC942}") = "ShaderBuilder", "Src\Tools\ShaderBuilder\ShaderBuilder.vcxproj", "{876AC0EB-D6C6-48EC-A6EF-CB99E94FC7FB}"
	ProjectSection(ProjectDependencies) = postProject
		{AD5FF729-F2C5-4197-9CAF-17B6312BB369} = {AD5FF729-F2C5-4197-9CAF-17B6312BB369}
		{821E505C-B13B-4EA2-8FA3-DDEE6D2D5B1D} = {821E505C-B13B-4EA2-8FA3-DDEE6D2D5B1D}
		{2094FC8D-449C-4BEC-8137-ACFD937DA10E} = {2094FC8D-449C-4BEC-8137-ACFD937DA10E}
		{A85951B2-258B-431C-931E-209015247374} = {A85951B2-258B-431C-931E-209015247374}
	EndProjectSection
EndProject
Project("{8BC9CEB8-8B4A-11D0-8D11-00A0C91BC942}") = "Lua", "Src\External\Lua\Lua.vcxproj", "{AD5FF729-F2C5-4197-9CAF-17B6312BB369}"
EndProject
Project("{8BC9CEB8-8B4A-11D0-8D11-00A0C91BC942}") = "LuaExe", "Src\External\Lua\LuaExe.vcxproj", "{D59FA2EB-8C38-473B-B762-DA5B05140E1D}"
	ProjectSection(ProjectDependencies) = postProject
		{AD5FF729-F2C5-4197-9CAF-17B6312BB369} = {AD5FF729-F2C5-4197-9CAF-17B6312BB369}
	EndProjectSection
EndProject
Project("{8BC9CEB8-8B4A-11D0-8D11-00A0C91BC942}") = "Mcpp", "Src\External\Mcpp\Mcpp.vcxproj", "{A85951B2-258B-431C-931E-209015247374}"
EndProject
Project("{8BC9CEB8-8B4A-11D0-8D11-00A0C91BC942}") = "MeshBuilder", "Src\Tools\MeshBuilder\MeshBuilder.vcxproj", "{9314206B-96F9-46EC-AB30-26604D4FD3AC}"
	ProjectSection(ProjectDependencies) = postProject
		{AD5FF729-F2C5-4197-9CAF-17B6312BB369} = {AD5FF729-F2C5-4197-9CAF-17B6312BB369}
		{5E640B5D-294A-4795-BE3F-58076BD28B7B} = {5E640B5D-294A-4795-BE3F-58076BD28B7B}
		{40789A6F-3BFC-454D-B73D-9C5DEBB37D24} = {40789A6F-3BFC-454D-B73D-9C5DEBB37D24}
		{48792CEB-F23F-4184-BB44-29A206D8CD05} = {48792CEB-F23F-4184-BB44-29A206D8CD05}
	EndProjectSection
EndProject
Project("{8BC9CEB8-8B4A-11D0-8D11-00A0C91BC942}") = "Math", "Src\Engine\Math\Math.vcxproj", "{03DF1422-A701-4855-9E1B-FFD4FF4D5E40}"
	ProjectSection(ProjectDependencies) = postProject
		{43657592-EB97-4A5E-A727-A9D4D9EC8E4D} = {43657592-EB97-4A5E-A727-A9D4D9EC8E4D}
	EndProjectSection
EndProject
Project("{8BC9CEB8-8B4A-11D0-8D11-00A0C91BC942}") = "UserInput", "Src\Engine\UserInput\UserInput.vcxproj", "{865D6CD8-B399-4824-92BE-171BD9488873}"
EndProject
Project("{8BC9CEB8-8B4A-11D0-8D11-00A0C91BC942}") = "Shared", "Src\Engine\Shared\Shared.vcxproj", "{F76B6020-4CA3-4714-B194-B9DB09C90112}"
	ProjectSection(ProjectDependencies) = postProject
		{03DF1422-A701-4855-9E1B-FFD4FF4D5E40} = {03DF1422-A701-4855-9E1B-FFD4FF4D5E40}
		{4B42D65D-7433-48EC-AAB3-903EAD82CC2F} = {4B42D65D-7433-48EC-AAB3-903EAD82CC2F}
		{865D6CD8-B399-4824-92BE-171BD9488873} = {865D6CD8-B399-4824-92BE-171BD9488873}
	EndProjectSection
EndProject
Project("{8BC9CEB8-8B4A-11D0-8D11-00A0C91BC942}") = "GameObjectBuilder", "Src\Tools\GameObjectBuilder\GameObjectBuilder.vcxproj", "{966961C6-75BA-473B-87D0-7158EDA4A2CA}"
	ProjectSection(ProjectDependencies) = postProject
		{AD5FF729-F2C5-4197-9CAF-17B6312BB369} = {AD5FF729-F2C5-4197-9CAF-17B6312BB369}
		{5E640B5D-294A-4795-BE3F-58076BD28B7B} = {5E640B5D-294A-4795-BE3F-58076BD28B7B}
		{40789A6F-3BFC-454D-B73D-9C5DEBB37D24} = {40789A6F-3BFC-454D-B73D-9C5DEBB37D24}
		{48792CEB-F23F-4184-BB44-29A206D8CD05} = {48792CEB-F23F-4184-BB44-29A206D8CD05}
	EndProjectSection
EndProject
Project("{8BC9CEB8-8B4A-11D0-8D11-00A0C91BC942}") = "MaterialBuilder", "Src\Tools\MaterialBuilder\MaterialBuilder.vcxproj", "{2094FC8D-449C-4BEC-8137-ACFD937DA10E}"
	ProjectSection(ProjectDependencies) = postProject
		{AD5FF729-F2C5-4197-9CAF-17B6312BB369} = {AD5FF729-F2C5-4197-9CAF-17B6312BB369}
		{5E640B5D-294A-4795-BE3F-58076BD28B7B} = {5E640B5D-294A-4795-BE3F-58076BD28B7B}
		{40789A6F-3BFC-454D-B73D-9C5DEBB37D24} = {40789A6F-3BFC-454D-B73D-9C5DEBB37D24}
		{48792CEB-F23F-4184-BB44-29A206D8CD05} = {48792CEB-F23F-4184-BB44-29A206D8CD05}
	EndProjectSection
EndProject
Global
	GlobalSection(SolutionConfigurationPlatforms) = preSolution
		Debug|x64 = Debug|x64
		Debug|x86 = Debug|x86
		Release|x64 = Release|x64
		Release|x86 = Release|x86
	EndGlobalSection
	GlobalSection(ProjectConfigurationPlatforms) = postSolution
		{FA0FB4E2-DCCE-484C-9206-653823C8F8DA}.Debug|x64.ActiveCfg = Debug|x64
		{FA0FB4E2-DCCE-484C-9206-653823C8F8DA}.Debug|x64.Build.0 = Debug|x64
		{FA0FB4E2-DCCE-484C-9206-653823C8F8DA}.Debug|x86.ActiveCfg = Debug|Win32
		{FA0FB4E2-DCCE-484C-9206-653823C8F8DA}.Debug|x86.Build.0 = Debug|Win32
		{FA0FB4E2-DCCE-484C-9206-653823C8F8DA}.Release|x64.ActiveCfg = Release|x64
		{FA0FB4E2-DCCE-484C-9206-653823C8F8DA}.Release|x64.Build.0 = Release|x64
		{FA0FB4E2-DCCE-484C-9206-653823C8F8DA}.Release|x86.ActiveCfg = Release|Win32
		{FA0FB4E2-DCCE-484C-9206-653823C8F8DA}.Release|x86.Build.0 = Release|Win32
		{43657592-EB97-4A5E-A727-A9D4D9EC8E4D}.Debug|x64.ActiveCfg = Debug|x64
		{43657592-EB97-4A5E-A727-A9D4D9EC8E4D}.Debug|x64.Build.0 = Debug|x64
		{43657592-EB97-4A5E-A727-A9D4D9EC8E4D}.Debug|x86.ActiveCfg = Debug|Win32
		{43657592-EB97-4A5E-A727-A9D4D9EC8E4D}.Debug|x86.Build.0 = Debug|Win32
		{43657592-EB97-4A5E-A727-A9D4D9EC8E4D}.Release|x64.ActiveCfg = Release|x64
		{43657592-EB97-4A5E-A727-A9D4D9EC8E4D}.Release|x64.Build.0 = Release|x64
		{43657592-EB97-4A5E-A727-A9D4D9EC8E4D}.Release|x86.ActiveCfg = Release|Win32
		{43657592-EB97-4A5E-A727-A9D4D9EC8E4D}.Release|x86.Build.0 = Release|Win32
		{D56A49FB-C803-4D7E-A037-7BFEF69CB329}.Debug|x64.ActiveCfg = Debug|x64
		{D56A49FB-C803-4D7E-A037-7BFEF69CB329}.Debug|x64.Build.0 = Debug|x64
		{D56A49FB-C803-4D7E-A037-7BFEF69CB329}.Debug|x86.ActiveCfg = Debug|Win32
		{D56A49FB-C803-4D7E-A037-7BFEF69CB329}.Debug|x86.Build.0 = Debug|Win32
		{D56A49FB-C803-4D7E-A037-7BFEF69CB329}.Release|x64.ActiveCfg = Release|x64
		{D56A49FB-C803-4D7E-A037-7BFEF69CB329}.Release|x64.Build.0 = Release|x64
		{D56A49FB-C803-4D7E-A037-7BFEF69CB329}.Release|x86.ActiveCfg = Release|Win32
		{D56A49FB-C803-4D7E-A037-7BFEF69CB329}.Release|x86.Build.0 = Release|Win32
		{48792CEB-F23F-4184-BB44-29A206D8CD05}.Debug|x64.ActiveCfg = Debug|x64
		{48792CEB-F23F-4184-BB44-29A206D8CD05}.Debug|x64.Build.0 = Debug|x64
		{48792CEB-F23F-4184-BB44-29A206D8CD05}.Debug|x86.ActiveCfg = Debug|Win32
		{48792CEB-F23F-4184-BB44-29A206D8CD05}.Debug|x86.Build.0 = Debug|Win32
		{48792CEB-F23F-4184-BB44-29A206D8CD05}.Release|x64.ActiveCfg = Release|x64
		{48792CEB-F23F-4184-BB44-29A206D8CD05}.Release|x64.Build.0 = Release|x64
		{48792CEB-F23F-4184-BB44-29A206D8CD05}.Release|x86.ActiveCfg = Release|Win32
		{48792CEB-F23F-4184-BB44-29A206D8CD05}.Release|x86.Build.0 = Release|Win32
		{C073AA3C-C800-4495-9F92-C622FF2EA5E1}.Debug|x64.ActiveCfg = Debug|x64
		{C073AA3C-C800-4495-9F92-C622FF2EA5E1}.Debug|x64.Build.0 = Debug|x64
		{C073AA3C-C800-4495-9F92-C622FF2EA5E1}.Debug|x86.ActiveCfg = Debug|Win32
		{C073AA3C-C800-4495-9F92-C622FF2EA5E1}.Debug|x86.Build.0 = Debug|Win32
		{C073AA3C-C800-4495-9F92-C622FF2EA5E1}.Release|x64.ActiveCfg = Release|x64
		{C073AA3C-C800-4495-9F92-C622FF2EA5E1}.Release|x64.Build.0 = Release|x64
		{C073AA3C-C800-4495-9F92-C622FF2EA5E1}.Release|x86.ActiveCfg = Release|Win32
		{C073AA3C-C800-4495-9F92-C622FF2EA5E1}.Release|x86.Build.0 = Release|Win32
		{5E640B5D-294A-4795-BE3F-58076BD28B7B}.Debug|x64.ActiveCfg = Debug|x64
		{5E640B5D-294A-4795-BE3F-58076BD28B7B}.Debug|x64.Build.0 = Debug|x64
		{5E640B5D-294A-4795-BE3F-58076BD28B7B}.Debug|x86.ActiveCfg = Debug|Win32
		{5E640B5D-294A-4795-BE3F-58076BD28B7B}.Debug|x86.Build.0 = Debug|Win32
		{5E640B5D-294A-4795-BE3F-58076BD28B7B}.Release|x64.ActiveCfg = Release|x64
		{5E640B5D-294A-4795-BE3F-58076BD28B7B}.Release|x64.Build.0 = Release|x64
		{5E640B5D-294A-4795-BE3F-58076BD28B7B}.Release|x86.ActiveCfg = Release|Win32
		{5E640B5D-294A-4795-BE3F-58076BD28B7B}.Release|x86.Build.0 = Release|Win32
		{A5095433-A0C7-4205-AD5B-82A5C09DE805}.Debug|x64.ActiveCfg = Debug|x64
		{A5095433-A0C7-4205-AD5B-82A5C09DE805}.Debug|x64.Build.0 = Debug|x64
		{A5095433-A0C7-4205-AD5B-82A5C09DE805}.Debug|x86.ActiveCfg = Debug|Win32
		{A5095433-A0C7-4205-AD5B-82A5C09DE805}.Debug|x86.Build.0 = Debug|Win32
		{A5095433-A0C7-4205-AD5B-82A5C09DE805}.Release|x64.ActiveCfg = Release|x64
		{A5095433-A0C7-4205-AD5B-82A5C09DE805}.Release|x64.Build.0 = Release|x64
		{A5095433-A0C7-4205-AD5B-82A5C09DE805}.Release|x86.ActiveCfg = Release|Win32
		{A5095433-A0C7-4205-AD5B-82A5C09DE805}.Release|x86.Build.0 = Release|Win32
		{73516EE2-C331-4AD4-AF38-A51397C94E06}.Debug|x64.ActiveCfg = Debug|x64
		{73516EE2-C331-4AD4-AF38-A51397C94E06}.Debug|x64.Build.0 = Debug|x64
		{73516EE2-C331-4AD4-AF38-A51397C94E06}.Debug|x86.ActiveCfg = Debug|Win32
		{73516EE2-C331-4AD4-AF38-A51397C94E06}.Debug|x86.Build.0 = Debug|Win32
		{73516EE2-C331-4AD4-AF38-A51397C94E06}.Release|x64.ActiveCfg = Release|x64
		{73516EE2-C331-4AD4-AF38-A51397C94E06}.Release|x64.Build.0 = Release|x64
		{73516EE2-C331-4AD4-AF38-A51397C94E06}.Release|x86.ActiveCfg = Release|Win32
		{73516EE2-C331-4AD4-AF38-A51397C94E06}.Release|x86.Build.0 = Release|Win32
		{12CA8666-2127-476E-B536-CB51F8BB6FCE}.Debug|x64.ActiveCfg = Debug|x64
		{12CA8666-2127-476E-B536-CB51F8BB6FCE}.Debug|x64.Build.0 = Debug|x64
		{12CA8666-2127-476E-B536-CB51F8BB6FCE}.Debug|x86.ActiveCfg = Debug|Win32
		{12CA8666-2127-476E-B536-CB51F8BB6FCE}.Debug|x86.Build.0 = Debug|Win32
		{12CA8666-2127-476E-B536-CB51F8BB6FCE}.Release|x64.ActiveCfg = Release|x64
		{12CA8666-2127-476E-B536-CB51F8BB6FCE}.Release|x64.Build.0 = Release|x64
		{12CA8666-2127-476E-B536-CB51F8BB6FCE}.Release|x86.ActiveCfg = Release|Win32
		{12CA8666-2127-476E-B536-CB51F8BB6FCE}.Release|x86.Build.0 = Release|Win32
		{40789A6F-3BFC-454D-B73D-9C5DEBB37D24}.Debug|x64.ActiveCfg = Debug|x64
		{40789A6F-3BFC-454D-B73D-9C5DEBB37D24}.Debug|x64.Build.0 = Debug|x64
		{40789A6F-3BFC-454D-B73D-9C5DEBB37D24}.Debug|x86.ActiveCfg = Debug|Win32
		{40789A6F-3BFC-454D-B73D-9C5DEBB37D24}.Debug|x86.Build.0 = Debug|Win32
		{40789A6F-3BFC-454D-B73D-9C5DEBB37D24}.Release|x64.ActiveCfg = Release|x64
		{40789A6F-3BFC-454D-B73D-9C5DEBB37D24}.Release|x64.Build.0 = Release|x64
		{40789A6F-3BFC-454D-B73D-9C5DEBB37D24}.Release|x86.ActiveCfg = Release|Win32
		{40789A6F-3BFC-454D-B73D-9C5DEBB37D24}.Release|x86.Build.0 = Release|Win32
		{86E46A3C-608F-4DB3-B77B-B70A57B6A2E8}.Debug|x64.ActiveCfg = Debug|x64
		{86E46A3C-608F-4DB3-B77B-B70A57B6A2E8}.Debug|x64.Build.0 = Debug|x64
		{86E46A3C-608F-4DB3-B77B-B70A57B6A2E8}.Debug|x86.ActiveCfg = Debug|Win32
		{86E46A3C-608F-4DB3-B77B-B70A57B6A2E8}.Debug|x86.Build.0 = Debug|Win32
		{86E46A3C-608F-4DB3-B77B-B70A57B6A2E8}.Release|x64.ActiveCfg = Release|x64
		{86E46A3C-608F-4DB3-B77B-B70A57B6A2E8}.Release|x64.Build.0 = Release|x64
		{86E46A3C-608F-4DB3-B77B-B70A57B6A2E8}.Release|x86.ActiveCfg = Release|Win32
		{86E46A3C-608F-4DB3-B77B-B70A57B6A2E8}.Release|x86.Build.0 = Release|Win32
		{821E505C-B13B-4EA2-8FA3-DDEE6D2D5B1D}.Debug|x64.ActiveCfg = Debug|x64
		{821E505C-B13B-4EA2-8FA3-DDEE6D2D5B1D}.Debug|x86.ActiveCfg = Debug|Win32
		{821E505C-B13B-4EA2-8FA3-DDEE6D2D5B1D}.Debug|x86.Build.0 = Debug|Win32
		{821E505C-B13B-4EA2-8FA3-DDEE6D2D5B1D}.Release|x64.ActiveCfg = Release|x64
		{821E505C-B13B-4EA2-8FA3-DDEE6D2D5B1D}.Release|x86.ActiveCfg = Release|Win32
		{821E505C-B13B-4EA2-8FA3-DDEE6D2D5B1D}.Release|x86.Build.0 = Release|Win32
		{F9C71CA5-AE92-4EF9-A46F-35E3B662F6BC}.Debug|x64.ActiveCfg = Debug|x64
		{F9C71CA5-AE92-4EF9-A46F-35E3B662F6BC}.Debug|x64.Build.0 = Debug|x64
		{F9C71CA5-AE92-4EF9-A46F-35E3B662F6BC}.Debug|x86.ActiveCfg = Debug|Win32
		{F9C71CA5-AE92-4EF9-A46F-35E3B662F6BC}.Debug|x86.Build.0 = Debug|Win32
		{F9C71CA5-AE92-4EF9-A46F-35E3B662F6BC}.Release|x64.ActiveCfg = Release|x64
		{F9C71CA5-AE92-4EF9-A46F-35E3B662F6BC}.Release|x64.Build.0 = Release|x64
		{F9C71CA5-AE92-4EF9-A46F-35E3B662F6BC}.Release|x86.ActiveCfg = Release|Win32
		{F9C71CA5-AE92-4EF9-A46F-35E3B662F6BC}.Release|x86.Build.0 = Release|Win32
		{4B42D65D-7433-48EC-AAB3-903EAD82CC2F}.Debug|x64.ActiveCfg = Debug|x64
		{4B42D65D-7433-48EC-AAB3-903EAD82CC2F}.Debug|x64.Build.0 = Debug|x64
		{4B42D65D-7433-48EC-AAB3-903EAD82CC2F}.Debug|x86.ActiveCfg = Debug|Win32
		{4B42D65D-7433-48EC-AAB3-903EAD82CC2F}.Debug|x86.Build.0 = Debug|Win32
		{4B42D65D-7433-48EC-AAB3-903EAD82CC2F}.Release|x64.ActiveCfg = Release|x64
		{4B42D65D-7433-48EC-AAB3-903EAD82CC2F}.Release|x64.Build.0 = Release|x64
		{4B42D65D-7433-48EC-AAB3-903EAD82CC2F}.Release|x86.ActiveCfg = Release|Win32
		{4B42D65D-7433-48EC-AAB3-903EAD82CC2F}.Release|x86.Build.0 = Release|Win32
		{876AC0EB-D6C6-48EC-A6EF-CB99E94FC7FB}.Debug|x64.ActiveCfg = Debug|x64
		{876AC0EB-D6C6-48EC-A6EF-CB99E94FC7FB}.Debug|x64.Build.0 = Debug|x64
		{876AC0EB-D6C6-48EC-A6EF-CB99E94FC7FB}.Debug|x86.ActiveCfg = Debug|Win32
		{876AC0EB-D6C6-48EC-A6EF-CB99E94FC7FB}.Debug|x86.Build.0 = Debug|Win32
		{876AC0EB-D6C6-48EC-A6EF-CB99E94FC7FB}.Release|x64.ActiveCfg = Release|x64
		{876AC0EB-D6C6-48EC-A6EF-CB99E94FC7FB}.Release|x64.Build.0 = Release|x64
		{876AC0EB-D6C6-48EC-A6EF-CB99E94FC7FB}.Release|x86.ActiveCfg = Release|Win32
		{876AC0EB-D6C6-48EC-A6EF-CB99E94FC7FB}.Release|x86.Build.0 = Release|Win32
		{AD5FF729-F2C5-4197-9CAF-17B6312BB369}.Debug|x64.ActiveCfg = Debug|x64
		{AD5FF729-F2C5-4197-9CAF-17B6312BB369}.Debug|x64.Build.0 = Debug|x64
		{AD5FF729-F2C5-4197-9CAF-17B6312BB369}.Debug|x86.ActiveCfg = Debug|Win32
		{AD5FF729-F2C5-4197-9CAF-17B6312BB369}.Debug|x86.Build.0 = Debug|Win32
		{AD5FF729-F2C5-4197-9CAF-17B6312BB369}.Release|x64.ActiveCfg = Release|x64
		{AD5FF729-F2C5-4197-9CAF-17B6312BB369}.Release|x64.Build.0 = Release|x64
		{AD5FF729-F2C5-4197-9CAF-17B6312BB369}.Release|x86.ActiveCfg = Release|Win32
		{AD5FF729-F2C5-4197-9CAF-17B6312BB369}.Release|x86.Build.0 = Release|Win32
		{D59FA2EB-8C38-473B-B762-DA5B05140E1D}.Debug|x64.ActiveCfg = Debug|x64
		{D59FA2EB-8C38-473B-B762-DA5B05140E1D}.Debug|x64.Build.0 = Debug|x64
		{D59FA2EB-8C38-473B-B762-DA5B05140E1D}.Debug|x86.ActiveCfg = Debug|Win32
		{D59FA2EB-8C38-473B-B762-DA5B05140E1D}.Debug|x86.Build.0 = Debug|Win32
		{D59FA2EB-8C38-473B-B762-DA5B05140E1D}.Release|x64.ActiveCfg = Release|x64
		{D59FA2EB-8C38-473B-B762-DA5B05140E1D}.Release|x64.Build.0 = Release|x64
		{D59FA2EB-8C38-473B-B762-DA5B05140E1D}.Release|x86.ActiveCfg = Release|Win32
		{D59FA2EB-8C38-473B-B762-DA5B05140E1D}.Release|x86.Build.0 = Release|Win32
		{A85951B2-258B-431C-931E-209015247374}.Debug|x64.ActiveCfg = Debug|x64
		{A85951B2-258B-431C-931E-209015247374}.Debug|x64.Build.0 = Debug|x64
		{A85951B2-258B-431C-931E-209015247374}.Debug|x86.ActiveCfg = Debug|Win32
		{A85951B2-258B-431C-931E-209015247374}.Debug|x86.Build.0 = Debug|Win32
		{A85951B2-258B-431C-931E-209015247374}.Release|x64.ActiveCfg = Release|x64
		{A85951B2-258B-431C-931E-209015247374}.Release|x64.Build.0 = Release|x64
		{A85951B2-258B-431C-931E-209015247374}.Release|x86.ActiveCfg = Release|Win32
		{A85951B2-258B-431C-931E-209015247374}.Release|x86.Build.0 = Release|Win32
		{9314206B-96F9-46EC-AB30-26604D4FD3AC}.Debug|x64.ActiveCfg = Debug|x64
		{9314206B-96F9-46EC-AB30-26604D4FD3AC}.Debug|x64.Build.0 = Debug|x64
		{9314206B-96F9-46EC-AB30-26604D4FD3AC}.Debug|x86.ActiveCfg = Debug|Win32
		{9314206B-96F9-46EC-AB30-26604D4FD3AC}.Debug|x86.Build.0 = Debug|Win32
		{9314206B-96F9-46EC-AB30-26604D4FD3AC}.Release|x64.ActiveCfg = Release|x64
		{9314206B-96F9-46EC-AB30-26604D4FD3AC}.Release|x64.Build.0 = Release|x64
		{9314206B-96F9-46EC-AB30-26604D4FD3AC}.Release|x86.ActiveCfg = Release|Win32
		{9314206B-96F9-46EC-AB30-26604D4FD3AC}.Release|x86.Build.0 = Release|Win32
		{03DF1422-A701-4855-9E1B-FFD4FF4D5E40}.Debug|x64.ActiveCfg = Debug|x64
		{03DF1422-A701-4855-9E1B-FFD4FF4D5E40}.Debug|x64.Build.0 = Debug|x64
		{03DF1422-A701-4855-9E1B-FFD4FF4D5E40}.Debug|x86.ActiveCfg = Debug|Win32
		{03DF1422-A701-4855-9E1B-FFD4FF4D5E40}.Debug|x86.Build.0 = Debug|Win32
		{03DF1422-A701-4855-9E1B-FFD4FF4D5E40}.Release|x64.ActiveCfg = Release|x64
		{03DF1422-A701-4855-9E1B-FFD4FF4D5E40}.Release|x64.Build.0 = Release|x64
		{03DF1422-A701-4855-9E1B-FFD4FF4D5E40}.Release|x86.ActiveCfg = Release|Win32
		{03DF1422-A701-4855-9E1B-FFD4FF4D5E40}.Release|x86.Build.0 = Release|Win32
		{865D6CD8-B399-4824-92BE-171BD9488873}.Debug|x64.ActiveCfg = Debug|x64
		{865D6CD8-B399-4824-92BE-171BD9488873}.Debug|x64.Build.0 = Debug|x64
		{865D6CD8-B399-4824-92BE-171BD9488873}.Debug|x86.ActiveCfg = Debug|Win32
		{865D6CD8-B399-4824-92BE-171BD9488873}.Debug|x86.Build.0 = Debug|Win32
		{865D6CD8-B399-4824-92BE-171BD9488873}.Release|x64.ActiveCfg = Release|x64
		{865D6CD8-B399-4824-92BE-171BD9488873}.Release|x64.Build.0 = Release|x64
		{865D6CD8-B399-4824-92BE-171BD9488873}.Release|x86.ActiveCfg = Release|Win32
		{865D6CD8-B399-4824-92BE-171BD9488873}.Release|x86.Build.0 = Release|Win32
		{F76B6020-4CA3-4714-B194-B9DB09C90112}.Debug|x64.ActiveCfg = Debug|x64
		{F76B6020-4CA3-4714-B194-B9DB09C90112}.Debug|x64.Build.0 = Debug|x64
		{F76B6020-4CA3-4714-B194-B9DB09C90112}.Debug|x86.ActiveCfg = Debug|Win32
		{F76B6020-4CA3-4714-B194-B9DB09C90112}.Debug|x86.Build.0 = Debug|Win32
		{F76B6020-4CA3-4714-B194-B9DB09C90112}.Release|x64.ActiveCfg = Release|x64
		{F76B6020-4CA3-4714-B194-B9DB09C90112}.Release|x64.Build.0 = Release|x64
		{F76B6020-4CA3-4714-B194-B9DB09C90112}.Release|x86.ActiveCfg = Release|Win32
		{F76B6020-4CA3-4714-B194-B9DB09C90112}.Release|x86.Build.0 = Release|Win32
		{966961C6-75BA-473B-87D0-7158EDA4A2CA}.Debug|x64.ActiveCfg = Debug|x64
		{966961C6-75BA-473B-87D0-7158EDA4A2CA}.Debug|x64.Build.0 = Debug|x64
		{966961C6-75BA-473B-87D0-7158EDA4A2CA}.Debug|x86.ActiveCfg = Debug|Win32
		{966961C6-75BA-473B-87D0-7158EDA4A2CA}.Debug|x86.Build.0 = Debug|Win32
		{966961C6-75BA-473B-87D0-7158EDA4A2CA}.Release|x64.ActiveCfg = Release|x64
		{966961C6-75BA-473B-87D0-7158EDA4A2CA}.Release|x64.Build.0 = Release|x64
		{966961C6-75BA-473B-87D0-7158EDA4A2CA}.Release|x86.ActiveCfg = Release|Win32
		{966961C6-75BA-473B-87D0-7158EDA4A2CA}.Release|x86.Build.0 = Release|Win32
		{2094FC8D-449C-4BEC-8137-ACFD937DA10E}.Debug|x64.ActiveCfg = Debug|x64
		{2094FC8D-449C-4BEC-8137-ACFD937DA10E}.Debug|x64.Build.0 = Debug|x64
		{2094FC8D-449C-4BEC-8137-ACFD937DA10E}.Debug|x86.ActiveCfg = Debug|Win32
		{2094FC8D-449C-4BEC-8137-ACFD937DA10E}.Debug|x86.Build.0 = Debug|Win32
		{2094FC8D-449C-4BEC-8137-ACFD937DA10E}.Release|x64.ActiveCfg = Release|x64
		{2094FC8D-449C-4BEC-8137-ACFD937DA10E}.Release|x64.Build.0 = Release|x64
		{2094FC8D-449C-4BEC-8137-ACFD937DA10E}.Release|x86.ActiveCfg = Release|Win32
		{2094FC8D-449C-4BEC-8137-ACFD937DA10E}.Release|x86.Build.0 = Release|Win32
	EndGlobalSection
	GlobalSection(SolutionProperties) = preSolution
		HideSolutionNode = FALSE
	EndGlobalSection
	GlobalSection(NestedProjects) = preSolution
		{FA0FB4E2-DCCE-484C-9206-653823C8F8DA} = {92C21309-1E57-4965-A8EC-C4BE868DA1B6}
		{43657592-EB97-4A5E-A727-A9D4D9EC8E4D} = {4A442E18-2366-468E-ABC3-35DFA10ED6AF}
		{D56A49FB-C803-4D7E-A037-7BFEF69CB329} = {4A442E18-2366-468E-ABC3-35DFA10ED6AF}
		{48792CEB-F23F-4184-BB44-29A206D8CD05} = {4A442E18-2366-468E-ABC3-35DFA10ED6AF}
		{C073AA3C-C800-4495-9F92-C622FF2EA5E1} = {4A442E18-2366-468E-ABC3-35DFA10ED6AF}
		{5E640B5D-294A-4795-BE3F-58076BD28B7B} = {4A442E18-2366-468E-ABC3-35DFA10ED6AF}
		{A5095433-A0C7-4205-AD5B-82A5C09DE805} = {4A442E18-2366-468E-ABC3-35DFA10ED6AF}
		{73516EE2-C331-4AD4-AF38-A51397C94E06} = {4A442E18-2366-468E-ABC3-35DFA10ED6AF}
		{12CA8666-2127-476E-B536-CB51F8BB6FCE} = {2158CF78-B9A0-4AA8-9501-CA7ED75D0673}
		{40789A6F-3BFC-454D-B73D-9C5DEBB37D24} = {2158CF78-B9A0-4AA8-9501-CA7ED75D0673}
		{86E46A3C-608F-4DB3-B77B-B70A57B6A2E8} = {92C21309-1E57-4965-A8EC-C4BE868DA1B6}
		{821E505C-B13B-4EA2-8FA3-DDEE6D2D5B1D} = {EE8DBE7D-1C1F-4B50-80BA-B01501A3BF1A}
		{F9C71CA5-AE92-4EF9-A46F-35E3B662F6BC} = {4A442E18-2366-468E-ABC3-35DFA10ED6AF}
		{4B42D65D-7433-48EC-AAB3-903EAD82CC2F} = {4A442E18-2366-468E-ABC3-35DFA10ED6AF}
		{876AC0EB-D6C6-48EC-A6EF-CB99E94FC7FB} = {2158CF78-B9A0-4AA8-9501-CA7ED75D0673}
		{AD5FF729-F2C5-4197-9CAF-17B6312BB369} = {EE8DBE7D-1C1F-4B50-80BA-B01501A3BF1A}
		{D59FA2EB-8C38-473B-B762-DA5B05140E1D} = {EE8DBE7D-1C1F-4B50-80BA-B01501A3BF1A}
		{A85951B2-258B-431C-931E-209015247374} = {EE8DBE7D-1C1F-4B50-80BA-B01501A3BF1A}
		{9314206B-96F9-46EC-AB30-26604D4FD3AC} = {2158CF78-B9A0-4AA8-9501-CA7ED75D0673}
		{03DF1422-A701-4855-9E1B-FFD4FF4D5E40} = {4A442E18-2366-468E-ABC3-35DFA10ED6AF}
		{865D6CD8-B399-4824-92BE-171BD9488873} = {4A442E18-2366-468E-ABC3-35DFA10ED6AF}
		{F76B6020-4CA3-4714-B194-B9DB09C90112} = {4A442E18-2366-468E-ABC3-35DFA10ED6AF}
		{966961C6-75BA-473B-87D0-7158EDA4A2CA} = {2158CF78-B9A0-4AA8-9501-CA7ED75D0673}
		{2094FC8D-449C-4BEC-8137-ACFD937DA10E} = {2158CF78-B9A0-4AA8-9501-CA7ED75D0673}
	EndGlobalSection
	GlobalSection(ExtensibilityGlobals) = postSolution
		SolutionGuid = {DA225182-14CB-47FE-B2C6-BFCAFCC679B2}
	EndGlobalSection
EndGlobal
