<?xml version="1.0" encoding="utf-8"?>
<Project ToolsVersion="4.0" xmlns="http://schemas.microsoft.com/developer/msbuild/2003">
  <ItemGroup>
    <ClInclude Include="Configuration.h" />
    <ClInclude Include="Graphics.h" />
    <ClInclude Include="Resource.h" />
    <ClInclude Include="D3D\Includes.h">
      <Filter>D3D</Filter>
    </ClInclude>
    <ClInclude Include="OGL\Includes.h">
      <Filter>OGL</Filter>
    </ClInclude>
    <ClInclude Include="Functions.h" />
    <ClInclude Include="Assets\cMesh.h">
      <Filter>Assets</Filter>
    </ClInclude>
    <ClInclude Include="Structures\sIndexSet.h">
      <Filter>Structures</Filter>
    </ClInclude>
    <ClInclude Include="Structures\sVertex.h">
      <Filter>Structures</Filter>
    </ClInclude>
    <ClInclude Include="Structures\sPosition.h">
      <Filter>Structures</Filter>
    </ClInclude>
    <ClInclude Include="Structures\sColor.h">
      <Filter>Structures</Filter>
    </ClInclude>
    <ClInclude Include="D3D\Interfaces\D3DInterfaces.h">
      <Filter>D3D\Interfaces</Filter>
    </ClInclude>
    <ClInclude Include="Interfaces\cConstantBuffer.h">
      <Filter>Interfaces</Filter>
    </ClInclude>
    <ClInclude Include="Interfaces\eConstantBufferType.h">
      <Filter>Interfaces</Filter>
    </ClInclude>
    <ClInclude Include="Structures\sFrame.h">
      <Filter>Structures</Filter>
    </ClInclude>
    <ClInclude Include="Structures\sDrawCall.h">
      <Filter>Structures</Filter>
    </ClInclude>
    <ClInclude Include="Assets\cEffect.h">
      <Filter>Assets</Filter>
    </ClInclude>
  </ItemGroup>
  <ItemGroup>
    <ClCompile Include="Graphics.cpp" />
    <ClCompile Include="Functions.cpp" />
    <ClCompile Include="Assets\cMesh.cpp">
      <Filter>Assets</Filter>
    </ClCompile>
    <ClCompile Include="D3D\Assets\cMesh.D3D.cpp">
      <Filter>D3D\Assets</Filter>
    </ClCompile>
    <ClCompile Include="OGL\Assets\cMesh.OGL.cpp">
      <Filter>OGL\Assets</Filter>
    </ClCompile>
    <ClCompile Include="D3D\Interfaces\D3DInterfaces.cpp">
      <Filter>D3D\Interfaces</Filter>
    </ClCompile>
    <ClCompile Include="Interfaces\cConstantBuffer.cpp">
      <Filter>Interfaces</Filter>
    </ClCompile>
    <ClCompile Include="D3D\Interfaces\cConstantBuffer.D3D.cpp">
      <Filter>D3D\Interfaces</Filter>
    </ClCompile>
    <ClCompile Include="OGL\Interfaces\cConstantBuffer.OGL.cpp">
      <Filter>OGL\Interfaces</Filter>
    </ClCompile>
    <ClCompile Include="Assets\cEffect.cpp">
      <Filter>Assets</Filter>
    </ClCompile>
    <ClCompile Include="D3D\Assets\cEffect.D3D.cpp">
      <Filter>D3D\Assets</Filter>
    </ClCompile>
    <ClCompile Include="OGL\Assets\cEffect.OGL.cpp">
      <Filter>OGL\Assets</Filter>
    </ClCompile>
  </ItemGroup>
  <ItemGroup>
    <Filter Include="D3D">
      <UniqueIdentifier>{6c33b2fd-8295-4c88-b3fc-2c73fd0b32c1}</UniqueIdentifier>
    </Filter>
    <Filter Include="OGL">
      <UniqueIdentifier>{7965c822-70e5-4ca5-812d-88c098fd9d77}</UniqueIdentifier>
    </Filter>
    <Filter Include="Structures">
      <UniqueIdentifier>{d30d74eb-1797-45df-8ec0-ecdd7a3726b1}</UniqueIdentifier>
    </Filter>
    <Filter Include="Assets">
      <UniqueIdentifier>{7df4abba-5b9b-4f4e-91df-3a6cbab7f1fa}</UniqueIdentifier>
    </Filter>
    <Filter Include="D3D\Assets">
      <UniqueIdentifier>{33516d2e-c171-4a0c-bb7b-f2ab04e39887}</UniqueIdentifier>
    </Filter>
    <Filter Include="OGL\Assets">
      <UniqueIdentifier>{c20044f9-4583-4dc0-b20f-51193df20a2f}</UniqueIdentifier>
    </Filter>
    <Filter Include="D3D\Interfaces">
      <UniqueIdentifier>{689073a8-58cf-4f05-a2a6-b79eb7196e65}</UniqueIdentifier>
    </Filter>
    <Filter Include="Interfaces">
      <UniqueIdentifier>{c20da6ef-3359-48f5-a98a-f08b08122aa3}</UniqueIdentifier>
    </Filter>
    <Filter Include="OGL\Interfaces">
      <UniqueIdentifier>{649a1481-ebb1-4bbd-967b-1c4caa087cb2}</UniqueIdentifier>
    </Filter>
  </ItemGroup>
</Project>